
Microsoft Visual Studio Solution File, Format Version 12.00
# Visual Studio Version 16
VisualStudioVersion = 16.0.31729.503
MinimumVisualStudioVersion = 10.0.40219.1
Project("{FAE04EC0-301F-11D3-BF4B-00C04F79EFBC}") = "Cobalt_opdracht", "Cobalt_opdracht\Cobalt_opdracht.csproj", "{DA095FA2-39F6-4727-B1BF-9CBF1FE49245}"
EndProject
Global
	GlobalSection(SolutionConfigurationPlatforms) = preSolution
		Debug|Any CPU = Debug|Any CPU
		Release|Any CPU = Release|Any CPU
	EndGlobalSection
	GlobalSection(ProjectConfigurationPlatforms) = postSolution
		{DA095FA2-39F6-4727-B1BF-9CBF1FE49245}.Debug|Any CPU.ActiveCfg = Debug|Any CPU
		{DA095FA2-39F6-4727-B1BF-9CBF1FE49245}.Debug|Any CPU.Build.0 = Debug|Any CPU
		{DA095FA2-39F6-4727-B1BF-9CBF1FE49245}.Release|Any CPU.ActiveCfg = Release|Any CPU
		{DA095FA2-39F6-4727-B1BF-9CBF1FE49245}.Release|Any CPU.Build.0 = Release|Any CPU
	EndGlobalSection
	GlobalSection(SolutionProperties) = preSolution
		HideSolutionNode = FALSE
	EndGlobalSection
	GlobalSection(ExtensibilityGlobals) = postSolution
		SolutionGuid = {07A7A545-88A6-4B5D-8A9C-A8C9622C7D2B}
	EndGlobalSection
EndGlobal
